PODS:
  - APIKit (3.2.1):
    - Result (~> 3.0)
  - BigInt (3.1.0):
    - SipHash (~> 1.2)
  - CryptoSwift (0.12.0)
  - JSONRPCKit (3.0.0):
    - Result (~> 3.2.0)
  - ObjectMapper (3.3.0)
  - PromiseKit (6.5.2):
    - PromiseKit/CorePromise (= 6.5.2)
    - PromiseKit/Foundation (= 6.5.2)
    - PromiseKit/UIKit (= 6.5.2)
  - PromiseKit/CorePromise (6.5.2)
  - PromiseKit/Foundation (6.5.2):
    - PromiseKit/CorePromise
  - PromiseKit/UIKit (6.5.2):
    - PromiseKit/CorePromise
  - Result (3.2.4)
  - SipHash (1.2.2)
  - TrezorCryptoEd25519WithBlake2b (0.0.1)
  - Vite_HDWalletKit (1.2.1):
    - BigInt (~> 3.0)
    - CryptoSwift (~> 0.12.0)
    - TrezorCryptoEd25519WithBlake2b (~> 0.0.1)
  - ViteWallet (0.1.0):
    - APIKit
    - BigInt
    - CryptoSwift
    - JSONRPCKit
    - ObjectMapper
    - PromiseKit
    - Vite_HDWalletKit

DEPENDENCIES:
  - APIKit (= 3.2.1)
  - BigInt (= 3.1.0)
  - CryptoSwift (= 0.12.0)
  - JSONRPCKit (= 3.0.0)
  - ObjectMapper (= 3.3.0)
  - PromiseKit (= 6.5.2)
  - Result (= 3.2.4)
  - Vite_HDWalletKit (from `https://github.com/vitelabs/vite-keystore-ios.git`, tag `1.2.1`)
  - ViteWallet (from `../`)

SPEC REPOS:
  https://github.com/cocoapods/specs.git:
    - APIKit
    - BigInt
    - CryptoSwift
    - JSONRPCKit
    - ObjectMapper
    - PromiseKit
    - Result
    - SipHash
    - TrezorCryptoEd25519WithBlake2b

EXTERNAL SOURCES:
  Vite_HDWalletKit:
    :git: https://github.com/vitelabs/vite-keystore-ios.git
    :tag: 1.2.1
  ViteWallet:
    :path: "../"

CHECKOUT OPTIONS:
  Vite_HDWalletKit:
    :git: https://github.com/vitelabs/vite-keystore-ios.git
    :tag: 1.2.1

SPEC CHECKSUMS:
  APIKit: a39ff72ac44efc15513fd1b98800f63c525be61b
  BigInt: 76b5dfdfa3e2e478d4ffdf161aeede5502e2742f
  CryptoSwift: 1c07ca50843dd48bc54e6ea53d7a4dba3b645716
  JSONRPCKit: 50e0dc5e7f873e87f81562feb8836b7d1974da6d
  ObjectMapper: b612bf8c8e99c4dc0bb6013a51f7c27966ed5da9
  PromiseKit: 27c1601bfb73405871b805bcb8cf7e55c4dad3db
  Result: d2d07204ce72856f1fd9130bbe42c35a7b0fea10
  SipHash: fad90a4683e420c52ef28063063dbbce248ea6d4
  TrezorCryptoEd25519WithBlake2b: e70fc022094a2f2aa8b86117ab1085d7a7b62098
  Vite_HDWalletKit: c6d112f585e21b182bda6731f904d09db71ec7fe
  ViteWallet: 382ab10ba912014b64d103ef0324760259d584ae

PODFILE CHECKSUM: 6bb13ff32bc93fb2463dfa419f2373e2ea355993

COCOAPODS: 1.5.3
